
Microsoft Visual Studio Solution File, Format Version 12.00
# Visual Studio 15
Project("{FAE04EC0-301F-11D3-BF4B-00C04F79EFBC}") = "Assembly-CSharp", "Assembly-CSharp.csproj", "{0C569A77-4B03-DE04-F5E9-4322B37999DC}"
EndProject
Project("{FAE04EC0-301F-11D3-BF4B-00C04F79EFBC}") = "Assembly-CSharp-Editor", "Assembly-CSharp-Editor.csproj", "{A940101A-C80F-12E7-798D-9B7334B373EF}"
EndProject
Global
	GlobalSection(SolutionConfigurationPlatforms) = preSolution
		Debug|Any CPU = Debug|Any CPU
		Release|Any CPU = Release|Any CPU
	EndGlobalSection
	GlobalSection(ProjectConfigurationPlatforms) = postSolution
		{0C569A77-4B03-DE04-F5E9-4322B37999DC}.Debug|Any CPU.ActiveCfg = Debug|Any CPU
		{0C569A77-4B03-DE04-F5E9-4322B37999DC}.Debug|Any CPU.Build.0 = Debug|Any CPU
		{0C569A77-4B03-DE04-F5E9-4322B37999DC}.Release|Any CPU.ActiveCfg = Release|Any CPU
		{0C569A77-4B03-DE04-F5E9-4322B37999DC}.Release|Any CPU.Build.0 = Release|Any CPU
		{A940101A-C80F-12E7-798D-9B7334B373EF}.Debug|Any CPU.ActiveCfg = Debug|Any CPU
		{A940101A-C80F-12E7-798D-9B7334B373EF}.Debug|Any CPU.Build.0 = Debug|Any CPU
		{A940101A-C80F-12E7-798D-9B7334B373EF}.Release|Any CPU.ActiveCfg = Release|Any CPU
		{A940101A-C80F-12E7-798D-9B7334B373EF}.Release|Any CPU.Build.0 = Release|Any CPU
	EndGlobalSection
	GlobalSection(SolutionProperties) = preSolution
		HideSolutionNode = FALSE
	EndGlobalSection
EndGlobal
